
Microsoft Visual Studio Solution File, Format Version 12.00
# Visual Studio Version 17
VisualStudioVersion = 17.5.33516.290
MinimumVisualStudioVersion = 10.0.40219.1
Project("{8BC9CEB8-8B4A-11D0-8D11-00A0C91BC942}") = "Alarm Clock", "Dear ImGui\Dear ImGui.vcxproj", "{EDEE0EA0-73BB-4464-9D6E-416FA41F4195}"
EndProject
Project("{54435603-DBB4-11D2-8724-00A0C9A8B90C}") = "Setup", "Setup\Setup.vdproj", "{07C4CAB8-49D2-4FFA-9AD0-D5C2254C2FDA}"
EndProject
Project("{8BC9CEB8-8B4A-11D0-8D11-00A0C91BC942}") = "Gong", "Gong\Gong.vcxproj", "{A7CF7CDF-E263-4A28-959B-A3634E10F93B}"
EndProject
Global
	GlobalSection(SolutionConfigurationPlatforms) = preSolution
		Debug|x64 = Debug|x64
		Debug|x86 = Debug|x86
		Release|x64 = Release|x64
		Release|x86 = Release|x86
	EndGlobalSection
	GlobalSection(ProjectConfigurationPlatforms) = postSolution
		{EDEE0EA0-73BB-4464-9D6E-416FA41F4195}.Debug|x64.ActiveCfg = Release|x64
		{EDEE0EA0-73BB-4464-9D6E-416FA41F4195}.Debug|x86.ActiveCfg = Debug|Win32
		{EDEE0EA0-73BB-4464-9D6E-416FA41F4195}.Debug|x86.Build.0 = Debug|Win32
		{EDEE0EA0-73BB-4464-9D6E-416FA41F4195}.Release|x64.ActiveCfg = Release|x64
		{EDEE0EA0-73BB-4464-9D6E-416FA41F4195}.Release|x64.Build.0 = Release|x64
		{EDEE0EA0-73BB-4464-9D6E-416FA41F4195}.Release|x86.ActiveCfg = Release|Win32
		{EDEE0EA0-73BB-4464-9D6E-416FA41F4195}.Release|x86.Build.0 = Release|Win32
		{07C4CAB8-49D2-4FFA-9AD0-D5C2254C2FDA}.Debug|x64.ActiveCfg = Debug
		{07C4CAB8-49D2-4FFA-9AD0-D5C2254C2FDA}.Debug|x64.Build.0 = Debug
		{07C4CAB8-49D2-4FFA-9AD0-D5C2254C2FDA}.Debug|x86.ActiveCfg = Debug
		{07C4CAB8-49D2-4FFA-9AD0-D5C2254C2FDA}.Release|x64.ActiveCfg = Release
		{07C4CAB8-49D2-4FFA-9AD0-D5C2254C2FDA}.Release|x86.ActiveCfg = Release
		{A7CF7CDF-E263-4A28-959B-A3634E10F93B}.Debug|x64.ActiveCfg = Debug|x64
		{A7CF7CDF-E263-4A28-959B-A3634E10F93B}.Debug|x64.Build.0 = Debug|x64
		{A7CF7CDF-E263-4A28-959B-A3634E10F93B}.Debug|x86.ActiveCfg = Debug|Win32
		{A7CF7CDF-E263-4A28-959B-A3634E10F93B}.Debug|x86.Build.0 = Debug|Win32
		{A7CF7CDF-E263-4A28-959B-A3634E10F93B}.Release|x64.ActiveCfg = Release|x64
		{A7CF7CDF-E263-4A28-959B-A3634E10F93B}.Release|x64.Build.0 = Release|x64
		{A7CF7CDF-E263-4A28-959B-A3634E10F93B}.Release|x86.ActiveCfg = Release|Win32
		{A7CF7CDF-E263-4A28-959B-A3634E10F93B}.Release|x86.Build.0 = Release|Win32
	EndGlobalSection
	GlobalSection(SolutionProperties) = preSolution
		HideSolutionNode = FALSE
	EndGlobalSection
	GlobalSection(ExtensibilityGlobals) = postSolution
		SolutionGuid = {DF0AD1EB-87E3-4A31-A6AD-BA6D10FF19EB}
	EndGlobalSection
EndGlobal
